
Microsoft Visual Studio Solution File, Format Version 12.00
# Visual Studio Version 17
VisualStudioVersion = 17.1.32407.343
MinimumVisualStudioVersion = 10.0.40219.1
Project("{FAE04EC0-301F-11D3-BF4B-00C04F79EFBC}") = "лаба 1", "лаба 1\лаба 1.csproj", "{7ADE8854-C04A-4EC9-B67B-A35F019E954B}"
EndProject
Global
	GlobalSection(SolutionConfigurationPlatforms) = preSolution
		Debug|Any CPU = Debug|Any CPU
		Release|Any CPU = Release|Any CPU
	EndGlobalSection
	GlobalSection(ProjectConfigurationPlatforms) = postSolution
		{7ADE8854-C04A-4EC9-B67B-A35F019E954B}.Debug|Any CPU.ActiveCfg = Debug|Any CPU
		{7ADE8854-C04A-4EC9-B67B-A35F019E954B}.Debug|Any CPU.Build.0 = Debug|Any CPU
		{7ADE8854-C04A-4EC9-B67B-A35F019E954B}.Release|Any CPU.ActiveCfg = Release|Any CPU
		{7ADE8854-C04A-4EC9-B67B-A35F019E954B}.Release|Any CPU.Build.0 = Release|Any CPU
	EndGlobalSection
	GlobalSection(SolutionProperties) = preSolution
		HideSolutionNode = FALSE
	EndGlobalSection
	GlobalSection(ExtensibilityGlobals) = postSolution
		SolutionGuid = {43EF7B72-4663-4587-9104-BDFCF30258FD}
	EndGlobalSection
EndGlobal
